// !$*UTF8*$!
{
	archiveVersion = 1;
	classes = {
	};
	objectVersion = 48;
	objects = {

/* Begin PBXBuildFile section */
		9D23105B1F6BAE7A008A3A58 /* AppDelegate.swift in Sources */ = {isa = PBXBuildFile; fileRef = 9D23105A1F6BAE7A008A3A58 /* AppDelegate.swift */; };
		9D2310621F6BAE7A008A3A58 /* Assets.xcassets in Resources */ = {isa = PBXBuildFile; fileRef = 9D2310611F6BAE7A008A3A58 /* Assets.xcassets */; };
		9D2310651F6BAE7A008A3A58 /* LaunchScreen.storyboard in Resources */ = {isa = PBXBuildFile; fileRef = 9D2310631F6BAE7A008A3A58 /* LaunchScreen.storyboard */; };
		9D2310731F6BB058008A3A58 /* LockScreenVC.swift in Sources */ = {isa = PBXBuildFile; fileRef = 9D2310721F6BB058008A3A58 /* LockScreenVC.swift */; };
		9D2310751F6BB134008A3A58 /* Theme.swift in Sources */ = {isa = PBXBuildFile; fileRef = 9D2310741F6BB134008A3A58 /* Theme.swift */; };
		B10FAC7B53C15B15C1B723B5 /* Pods_LockScreenX.framework in Frameworks */ = {isa = PBXBuildFile; fileRef = 04B1EEFD13C5498CE6503C66 /* Pods_LockScreenX.framework */; };
/* End PBXBuildFile section */

/* Begin PBXFileReference section */
		04B1EEFD13C5498CE6503C66 /* Pods_LockScreenX.framework */ = {isa = PBXFileReference; explicitFileType = wrapper.framework; includeInIndex = 0; path = Pods_LockScreenX.framework; sourceTree = BUILT_PRODUCTS_DIR; };
		1CC90B260BB3313E9E6745D7 /* Pods-LockScreenX.release.xcconfig */ = {isa = PBXFileReference; includeInIndex = 1; lastKnownFileType = text.xcconfig; name = "Pods-LockScreenX.release.xcconfig"; path = "Pods/Target Support Files/Pods-LockScreenX/Pods-LockScreenX.release.xcconfig"; sourceTree = "<group>"; };
		9D2310571F6BAE7A008A3A58 /* LockScreenX.app */ = {isa = PBXFileReference; explicitFileType = wrapper.application; includeInIndex = 0; path = LockScreenX.app; sourceTree = BUILT_PRODUCTS_DIR; };
		9D23105A1F6BAE7A008A3A58 /* AppDelegate.swift */ = {isa = PBXFileReference; lastKnownFileType = sourcecode.swift; path = AppDelegate.swift; sourceTree = "<group>"; };
		9D2310611F6BAE7A008A3A58 /* Assets.xcassets */ = {isa = PBXFileReference; lastKnownFileType = folder.assetcatalog; path = Assets.xcassets; sourceTree = "<group>"; };
		9D2310641F6BAE7A008A3A58 /* Base */ = {isa = PBXFileReference; lastKnownFileType = file.storyboard; name = Base; path = Base.lproj/LaunchScreen.storyboard; sourceTree = "<group>"; };
		9D2310661F6BAE7A008A3A58 /* Info.plist */ = {isa = PBXFileReference; lastKnownFileType = text.plist.xml; path = Info.plist; sourceTree = "<group>"; };
		9D2310711F6BAED2008A3A58 /* preview.jpg */ = {isa = PBXFileReference; lastKnownFileType = image.jpeg; path = preview.jpg; sourceTree = "<group>"; };
		9D2310721F6BB058008A3A58 /* LockScreenVC.swift */ = {isa = PBXFileReference; lastKnownFileType = sourcecode.swift; path = LockScreenVC.swift; sourceTree = "<group>"; };
		9D2310741F6BB134008A3A58 /* Theme.swift */ = {isa = PBXFileReference; lastKnownFileType = sourcecode.swift; path = Theme.swift; sourceTree = "<group>"; };
		E2FC8D862BC0BE4394DBC52B /* Pods-LockScreenX.debug.xcconfig */ = {isa = PBXFileReference; includeInIndex = 1; lastKnownFileType = text.xcconfig; name = "Pods-LockScreenX.debug.xcconfig"; path = "Pods/Target Support Files/Pods-LockScreenX/Pods-LockScreenX.debug.xcconfig"; sourceTree = "<group>"; };
/* End PBXFileReference section */

/* Begin PBXFrameworksBuildPhase section */
		9D2310541F6BAE7A008A3A58 /* Frameworks */ = {
			isa = PBXFrameworksBuildPhase;
			buildActionMask = 2147483647;
			files = (
				B10FAC7B53C15B15C1B723B5 /* Pods_LockScreenX.framework in Frameworks */,
			);
			runOnlyForDeploymentPostprocessing = 0;
		};
/* End PBXFrameworksBuildPhase section */

/* Begin PBXGroup section */
		3EBF50AA2365D04C1C1EFF2A /* Pods */ = {
			isa = PBXGroup;
			children = (
				E2FC8D862BC0BE4394DBC52B /* Pods-LockScreenX.debug.xcconfig */,
				1CC90B260BB3313E9E6745D7 /* Pods-LockScreenX.release.xcconfig */,
			);
			name = Pods;
			sourceTree = "<group>";
		};
		9A72C822F4456AB6859CCD77 /* Frameworks */ = {
			isa = PBXGroup;
			children = (
				04B1EEFD13C5498CE6503C66 /* Pods_LockScreenX.framework */,
			);
			name = Frameworks;
			sourceTree = "<group>";
		};
		9D23104E1F6BAE7A008A3A58 = {
			isa = PBXGroup;
			children = (
				9D2310591F6BAE7A008A3A58 /* LockScreenX */,
				9D2310581F6BAE7A008A3A58 /* Products */,
				3EBF50AA2365D04C1C1EFF2A /* Pods */,
				9A72C822F4456AB6859CCD77 /* Frameworks */,
			);
			sourceTree = "<group>";
		};
		9D2310581F6BAE7A008A3A58 /* Products */ = {
			isa = PBXGroup;
			children = (
				9D2310571F6BAE7A008A3A58 /* LockScreenX.app */,
			);
			name = Products;
			sourceTree = "<group>";
		};
		9D2310591F6BAE7A008A3A58 /* LockScreenX */ = {
			isa = PBXGroup;
			children = (
				9D23106D1F6BAE85008A3A58 /* Application */,
				9D23106E1F6BAE8E008A3A58 /* Controller */,
				9D23106F1F6BAE97008A3A58 /* Helper */,
				9D2310701F6BAE9D008A3A58 /* Resources */,
				9D2310611F6BAE7A008A3A58 /* Assets.xcassets */,
			);
			path = LockScreenX;
			sourceTree = "<group>";
		};
		9D23106D1F6BAE85008A3A58 /* Application */ = {
			isa = PBXGroup;
			children = (
				9D2310661F6BAE7A008A3A58 /* Info.plist */,
				9D2310631F6BAE7A008A3A58 /* LaunchScreen.storyboard */,
				9D23105A1F6BAE7A008A3A58 /* AppDelegate.swift */,
			);
			path = Application;
			sourceTree = "<group>";
		};
		9D23106E1F6BAE8E008A3A58 /* Controller */ = {
			isa = PBXGroup;
			children = (
				9D2310721F6BB058008A3A58 /* LockScreenVC.swift */,
			);
			path = Controller;
			sourceTree = "<group>";
		};
		9D23106F1F6BAE97008A3A58 /* Helper */ = {
			isa = PBXGroup;
			children = (
				9D2310741F6BB134008A3A58 /* Theme.swift */,
			);
			path = Helper;
			sourceTree = "<group>";
		};
		9D2310701F6BAE9D008A3A58 /* Resources */ = {
			isa = PBXGroup;
			children = (
				9D2310711F6BAED2008A3A58 /* preview.jpg */,
			);
			path = Resources;
			sourceTree = "<group>";
		};
/* End PBXGroup section */

/* Begin PBXNativeTarget section */
		9D2310561F6BAE7A008A3A58 /* LockScreenX */ = {
			isa = PBXNativeTarget;
			buildConfigurationList = 9D2310691F6BAE7A008A3A58 /* Build configuration list for PBXNativeTarget "LockScreenX" */;
			buildPhases = (
				0235E2F9E48A03BA0CE2D76D /* [CP] Check Pods Manifest.lock */,
				9D2310531F6BAE7A008A3A58 /* Sources */,
				9D2310541F6BAE7A008A3A58 /* Frameworks */,
				9D2310551F6BAE7A008A3A58 /* Resources */,
				F41B1331A16890B6DC26CC8A /* [CP] Embed Pods Frameworks */,
				8E885044F3C6EE6BD04B6E57 /* [CP] Copy Pods Resources */,
			);
			buildRules = (
			);
			dependencies = (
			);
			name = LockScreenX;
			productName = LockScreenX;
			productReference = 9D2310571F6BAE7A008A3A58 /* LockScreenX.app */;
			productType = "com.apple.product-type.application";
		};
/* End PBXNativeTarget section */

/* Begin PBXProject section */
		9D23104F1F6BAE7A008A3A58 /* Project object */ = {
			isa = PBXProject;
			attributes = {
				LastSwiftUpdateCheck = 0900;
				LastUpgradeCheck = 0900;
				ORGANIZATIONNAME = "Byte Orbit";
				TargetAttributes = {
					9D2310561F6BAE7A008A3A58 = {
						CreatedOnToolsVersion = 9.0;
						ProvisioningStyle = Automatic;
					};
				};
			};
			buildConfigurationList = 9D2310521F6BAE7A008A3A58 /* Build configuration list for PBXProject "LockScreenX" */;
			compatibilityVersion = "Xcode 8.0";
			developmentRegion = en;
			hasScannedForEncodings = 0;
			knownRegions = (
				en,
				Base,
			);
			mainGroup = 9D23104E1F6BAE7A008A3A58;
			productRefGroup = 9D2310581F6BAE7A008A3A58 /* Products */;
			projectDirPath = "";
			projectRoot = "";
			targets = (
				9D2310561F6BAE7A008A3A58 /* LockScreenX */,
			);
		};
/* End PBXProject section */

/* Begin PBXResourcesBuildPhase section */
		9D2310551F6BAE7A008A3A58 /* Resources */ = {
			isa = PBXResourcesBuildPhase;
			buildActionMask = 2147483647;
			files = (
				9D2310651F6BAE7A008A3A58 /* LaunchScreen.storyboard in Resources */,
				9D2310621F6BAE7A008A3A58 /* Assets.xcassets in Resources */,
			);
			runOnlyForDeploymentPostprocessing = 0;
		};
/* End PBXResourcesBuildPhase section */

/* Begin PBXShellScriptBuildPhase section */
		0235E2F9E48A03BA0CE2D76D /* [CP] Check Pods Manifest.lock */ = {
			isa = PBXShellScriptBuildPhase;
			buildActionMask = 2147483647;
			files = (
			);
			inputPaths = (
			);
			name = "[CP] Check Pods Manifest.lock";
			outputPaths = (
			);
			runOnlyForDeploymentPostprocessing = 0;
			shellPath = /bin/sh;
			shellScript = "diff \"${PODS_ROOT}/../Podfile.lock\" \"${PODS_ROOT}/Manifest.lock\" > /dev/null\nif [[ $? != 0 ]] ; then\n    cat << EOM\nerror: The sandbox is not in sync with the Podfile.lock. Run 'pod install' or update your CocoaPods installation.\nEOM\n    exit 1\nfi\n";
			showEnvVarsInLog = 0;
		};
		8E885044F3C6EE6BD04B6E57 /* [CP] Copy Pods Resources */ = {
			isa = PBXShellScriptBuildPhase;
			buildActionMask = 2147483647;
			files = (
			);
			inputPaths = (
			);
			name = "[CP] Copy Pods Resources";
			outputPaths = (
			);
			runOnlyForDeploymentPostprocessing = 0;
			shellPath = /bin/sh;
			shellScript = "\"${SRCROOT}/Pods/Target Support Files/Pods-LockScreenX/Pods-LockScreenX-resources.sh\"\n";
			showEnvVarsInLog = 0;
		};
		F41B1331A16890B6DC26CC8A /* [CP] Embed Pods Frameworks */ = {
			isa = PBXShellScriptBuildPhase;
			buildActionMask = 2147483647;
			files = (
			);
			inputPaths = (
			);
			name = "[CP] Embed Pods Frameworks";
			outputPaths = (
			);
			runOnlyForDeploymentPostprocessing = 0;
			shellPath = /bin/sh;
			shellScript = "\"${SRCROOT}/Pods/Target Support Files/Pods-LockScreenX/Pods-LockScreenX-frameworks.sh\"\n";
			showEnvVarsInLog = 0;
		};
/* End PBXShellScriptBuildPhase section */

/* Begin PBXSourcesBuildPhase section */
		9D2310531F6BAE7A008A3A58 /* Sources */ = {
			isa = PBXSourcesBuildPhase;
			buildActionMask = 2147483647;
			files = (
				9D2310751F6BB134008A3A58 /* Theme.swift in Sources */,
				9D23105B1F6BAE7A008A3A58 /* AppDelegate.swift in Sources */,
				9D2310731F6BB058008A3A58 /* LockScreenVC.swift in Sources */,
			);
			runOnlyForDeploymentPostprocessing = 0;
		};
/* End PBXSourcesBuildPhase section */

/* Begin PBXVariantGroup section */
		9D2310631F6BAE7A008A3A58 /* LaunchScreen.storyboard */ = {
			isa = PBXVariantGroup;
			children = (
				9D2310641F6BAE7A008A3A58 /* Base */,
			);
			name = LaunchScreen.storyboard;
			sourceTree = "<group>";
		};
/* End PBXVariantGroup section */

/* Begin XCBuildConfiguration section */
		9D2310671F6BAE7A008A3A58 /* Debug */ = {
			isa = XCBuildConfiguration;
			buildSettings = {
				ALWAYS_SEARCH_USER_PATHS = NO;
				CLANG_ANALYZER_NONNULL = YES;
				CLANG_ANALYZER_NUMBER_OBJECT_CONVERSION = YES_AGGRESSIVE;
				CLANG_CXX_LANGUAGE_STANDARD = "gnu++14";
				CLANG_CXX_LIBRARY = "libc++";
				CLANG_ENABLE_MODULES = YES;
				CLANG_ENABLE_OBJC_ARC = YES;
				CLANG_WARN_BLOCK_CAPTURE_AUTORELEASING = YES;
				CLANG_WARN_BOOL_CONVERSION = YES;
				CLANG_WARN_COMMA = YES;
				CLANG_WARN_CONSTANT_CONVERSION = YES;
				CLANG_WARN_DIRECT_OBJC_ISA_USAGE = YES_ERROR;
				CLANG_WARN_DOCUMENTATION_COMMENTS = YES;
				CLANG_WARN_EMPTY_BODY = YES;
				CLANG_WARN_ENUM_CONVERSION = YES;
				CLANG_WARN_INFINITE_RECURSION = YES;
				CLANG_WARN_INT_CONVERSION = YES;
				CLANG_WARN_NON_LITERAL_NULL_CONVERSION = YES;
				CLANG_WARN_OBJC_LITERAL_CONVERSION = YES;
				CLANG_WARN_OBJC_ROOT_CLASS = YES_ERROR;
				CLANG_WARN_RANGE_LOOP_ANALYSIS = YES;
				CLANG_WARN_STRICT_PROTOTYPES = YES;
				CLANG_WARN_SUSPICIOUS_MOVE = YES;
				CLANG_WARN_UNGUARDED_AVAILABILITY = YES_AGGRESSIVE;
				CLANG_WARN_UNREACHABLE_CODE = YES;
				CLANG_WARN__DUPLICATE_METHOD_MATCH = YES;
				CODE_SIGN_IDENTITY = "iPhone Developer";
				COPY_PHASE_STRIP = NO;
				DEBUG_INFORMATION_FORMAT = dwarf;
				ENABLE_STRICT_OBJC_MSGSEND = YES;
				ENABLE_TESTABILITY = YES;
				GCC_C_LANGUAGE_STANDARD = gnu11;
				GCC_DYNAMIC_NO_PIC = NO;
				GCC_NO_COMMON_BLOCKS = YES;
				GCC_OPTIMIZATION_LEVEL = 0;
				GCC_PREPROCESSOR_DEFINITIONS = (
					"DEBUG=1",
					"$(inherited)",
				);
				GCC_WARN_64_TO_32_BIT_CONVERSION = YES;
				GCC_WARN_ABOUT_RETURN_TYPE = YES_ERROR;
				GCC_WARN_UNDECLARED_SELECTOR = YES;
				GCC_WARN_UNINITIALIZED_AUTOS = YES_AGGRESSIVE;
				GCC_WARN_UNUSED_FUNCTION = YES;
				GCC_WARN_UNUSED_VARIABLE = YES;
				IPHONEOS_DEPLOYMENT_TARGET = 11.0;
				MTL_ENABLE_DEBUG_INFO = YES;
				ONLY_ACTIVE_ARCH = YES;
				SDKROOT = iphoneos;
				SWIFT_ACTIVE_COMPILATION_CONDITIONS = DEBUG;
				SWIFT_OPTIMIZATION_LEVEL = "-Onone";
			};
			name = Debug;
		};
		9D2310681F6BAE7A008A3A58 /* Release */ = {
			isa = XCBuildConfiguration;
			buildSettings = {
				ALWAYS_SEARCH_USER_PATHS = NO;
				CLANG_ANALYZER_NONNULL = YES;
				CLANG_ANALYZER_NUMBER_OBJECT_CONVERSION = YES_AGGRESSIVE;
				CLANG_CXX_LANGUAGE_STANDARD = "gnu++14";
				CLANG_CXX_LIBRARY = "libc++";
				CLANG_ENABLE_MODULES = YES;
				CLANG_ENABLE_OBJC_ARC = YES;
				CLANG_WARN_BLOCK_CAPTURE_AUTORELEASING = YES;
				CLANG_WARN_BOOL_CONVERSION = YES;
				CLANG_WARN_COMMA = YES;
				CLANG_WARN_CONSTANT_CONVERSION = YES;
				CLANG_WARN_DIRECT_OBJC_ISA_USAGE = YES_ERROR;
				CLANG_WARN_DOCUMENTATION_COMMENTS = YES;
				CLANG_WARN_EMPTY_BODY = YES;
				CLANG_WARN_ENUM_CONVERSION = YES;
				CLANG_WARN_INFINITE_RECURSION = YES;
				CLANG_WARN_INT_CONVERSION = YES;
				CLANG_WARN_NON_LITERAL_NULL_CONVERSION = YES;
				CLANG_WARN_OBJC_LITERAL_CONVERSION = YES;
				CLANG_WARN_OBJC_ROOT_CLASS = YES_ERROR;
				CLANG_WARN_RANGE_LOOP_ANALYSIS = YES;
				CLANG_WARN_STRICT_PROTOTYPES = YES;
				CLANG_WARN_SUSPICIOUS_MOVE = YES;
				CLANG_WARN_UNGUARDED_AVAILABILITY = YES_AGGRESSIVE;
				CLANG_WARN_UNREACHABLE_CODE = YES;
				CLANG_WARN__DUPLICATE_METHOD_MATCH = YES;
				CODE_SIGN_IDENTITY = "iPhone Developer";
				COPY_PHASE_STRIP = NO;
				DEBUG_INFORMATION_FORMAT = "dwarf-with-dsym";
				ENABLE_NS_ASSERTIONS = NO;
				ENABLE_STRICT_OBJC_MSGSEND = YES;
				GCC_C_LANGUAGE_STANDARD = gnu11;
				GCC_NO_COMMON_BLOCKS = YES;
				GCC_WARN_64_TO_32_BIT_CONVERSION = YES;
				GCC_WARN_ABOUT_RETURN_TYPE = YES_ERROR;
				GCC_WARN_UNDECLARED_SELECTOR = YES;
				GCC_WARN_UNINITIALIZED_AUTOS = YES_AGGRESSIVE;
				GCC_WARN_UNUSED_FUNCTION = YES;
				GCC_WARN_UNUSED_VARIABLE = YES;
				IPHONEOS_DEPLOYMENT_TARGET = 11.0;
				MTL_ENABLE_DEBUG_INFO = NO;
				SDKROOT = iphoneos;
				SWIFT_OPTIMIZATION_LEVEL = "-Owholemodule";
				VALIDATE_PRODUCT = YES;
			};
			name = Release;
		};
		9D23106A1F6BAE7A008A3A58 /* Debug */ = {
			isa = XCBuildConfiguration;
			baseConfigurationReference = E2FC8D862BC0BE4394DBC52B /* Pods-LockScreenX.debug.xcconfig */;
			buildSettings = {
				ALWAYS_EMBED_SWIFT_STANDARD_LIBRARIES = YES;
				ASSETCATALOG_COMPILER_APPICON_NAME = AppIcon;
				CODE_SIGN_STYLE = Automatic;
				INFOPLIST_FILE = "$(SRCROOT)/LockScreenX/Application/Info.plist";
				LD_RUNPATH_SEARCH_PATHS = "$(inherited) @executable_path/Frameworks";
				PRODUCT_BUNDLE_IDENTIFIER = com.byteorbit.malcolm.LockScreenX;
				PRODUCT_NAME = "$(TARGET_NAME)";
				SWIFT_VERSION = 4.0;
				TARGETED_DEVICE_FAMILY = 1;
			};
			name = Debug;
		};
		9D23106B1F6BAE7A008A3A58 /* Release */ = {
			isa = XCBuildConfiguration;
			baseConfigurationReference = 1CC90B260BB3313E9E6745D7 /* Pods-LockScreenX.release.xcconfig */;
			buildSettings = {
				ALWAYS_EMBED_SWIFT_STANDARD_LIBRARIES = YES;
				ASSETCATALOG_COMPILER_APPICON_NAME = AppIcon;
				CODE_SIGN_STYLE = Automatic;
				INFOPLIST_FILE = "$(SRCROOT)/LockScreenX/Application/Info.plist";
				LD_RUNPATH_SEARCH_PATHS = "$(inherited) @executable_path/Frameworks";
				PRODUCT_BUNDLE_IDENTIFIER = com.byteorbit.malcolm.LockScreenX;
				PRODUCT_NAME = "$(TARGET_NAME)";
				SWIFT_VERSION = 4.0;
				TARGETED_DEVICE_FAMILY = 1;
			};
			name = Release;
		};
/* End XCBuildConfiguration section */

/* Begin XCConfigurationList section */
		9D2310521F6BAE7A008A3A58 /* Build configuration list for PBXProject "LockScreenX" */ = {
			isa = XCConfigurationList;
			buildConfigurations = (
				9D2310671F6BAE7A008A3A58 /* Debug */,
				9D2310681F6BAE7A008A3A58 /* Release */,
			);
			defaultConfigurationIsVisible = 0;
			defaultConfigurationName = Release;
		};
		9D2310691F6BAE7A008A3A58 /* Build configuration list for PBXNativeTarget "LockScreenX" */ = {
			isa = XCConfigurationList;
			buildConfigurations = (
				9D23106A1F6BAE7A008A3A58 /* Debug */,
				9D23106B1F6BAE7A008A3A58 /* Release */,
			);
			defaultConfigurationIsVisible = 0;
			defaultConfigurationName = Release;
		};
/* End XCConfigurationList section */
	};
	rootObject = 9D23104F1F6BAE7A008A3A58 /* Project object */;
}
